{
  "version": 4,
  "terraform_version": "1.2.7",
  "serial": 27,
  "lineage": "62cbe01a-30d7-9846-2656-a541845d15b2",
  "outputs": {},
  "resources": [
    {
      "module": "module.s3_mod",
      "mode": "managed",
      "type": "aws_s3_bucket",
      "name": "storage-terraform",
      "provider": "provider[\"registry.terraform.io/hashicorp/aws\"]",
      "instances": [
        {
          "schema_version": 0,
          "attributes": {
            "acceleration_status": "",
            "acl": null,
            "arn": "arn:aws:s3:::dduarte2022",
            "bucket": "dduarte2022",
            "bucket_domain_name": "dduarte2022.s3.amazonaws.com",
            "bucket_prefix": null,
            "bucket_regional_domain_name": "dduarte2022.s3.amazonaws.com",
            "cors_rule": [],
            "force_destroy": false,
            "grant": [
              {
                "id": "2d8e59555e2cc9cfb256d785da7d9555dfbf240813f752e541246e6b411b854d",
                "permissions": [
                  "FULL_CONTROL"
                ],
                "type": "CanonicalUser",
                "uri": ""
              }
            ],
            "hosted_zone_id": "Z3AQBSTGFYJSTF",
            "id": "dduarte2022",
            "lifecycle_rule": [],
            "logging": [],
            "object_lock_configuration": [],
            "object_lock_enabled": false,
            "policy": "",
            "region": "us-east-1",
            "replication_configuration": [],
            "request_payer": "BucketOwner",
            "server_side_encryption_configuration": [],
            "tags": {
              "Environment": "Prod",
              "Name": "dduarte2022"
            },
            "tags_all": {
              "Environment": "Prod",
              "Name": "dduarte2022"
            },
            "timeouts": null,
            "versioning": [
              {
                "enabled": false,
                "mfa_delete": false
              }
            ],
            "website": [],
            "website_domain": null,
            "website_endpoint": null
          },
          "sensitive_attributes": [],
          "private": "eyJlMmJmYjczMC1lY2FhLTExZTYtOGY4OC0zNDM2M2JjN2M0YzAiOnsiY3JlYXRlIjoxMjAwMDAwMDAwMDAwLCJkZWxldGUiOjM2MDAwMDAwMDAwMDAsInJlYWQiOjEyMDAwMDAwMDAwMDAsInVwZGF0ZSI6MTIwMDAwMDAwMDAwMH19"
        }
      ]
    }
  ]
}
